<?xml version="1.0" encoding="utf-8"?>
<Project ToolsVersion="4.0" xmlns="http://schemas.microsoft.com/developer/msbuild/2003">
  <ItemGroup>
    <CudaCompile Include="main.cu" />
    <CudaCompile Include="TridiagKernel.cu">
      <Filter>TridiagSolver\kernel</Filter>
    </CudaCompile>
    <CudaCompile Include="constVolKernel.cu">
      <Filter>ConstVol Model\kernel</Filter>
    </CudaCompile>
    <CudaCompile Include="BulletOptionKernel.cu">
      <Filter>BulletOption\kernel</Filter>
    </CudaCompile>
  </ItemGroup>
  <ItemGroup>
    <ClInclude Include="TridiagKernel.cuh">
      <Filter>TridiagSolver\kernel</Filter>
    </ClInclude>
    <ClInclude Include="TridiagSolver.h">
      <Filter>TridiagSolver</Filter>
    </ClInclude>
    <ClInclude Include="ConstVolPDESolver.h">
      <Filter>ConstVol Model</Filter>
    </ClInclude>
    <ClInclude Include="constVolKernel.cuh">
      <Filter>ConstVol Model\kernel</Filter>
    </ClInclude>
    <ClInclude Include="Payoff.h" />
    <ClInclude Include="BulletOption.h">
      <Filter>BulletOption</Filter>
    </ClInclude>
    <ClInclude Include="global_definitions.h" />
    <ClInclude Include="cuda_definitions.cuh" />
    <ClInclude Include="BulletOptionKernel.cuh">
      <Filter>BulletOption\kernel</Filter>
    </ClInclude>
  </ItemGroup>
  <ItemGroup>
    <Filter Include="TridiagSolver">
      <UniqueIdentifier>{66b49e21-9533-47de-98ea-673cd7002672}</UniqueIdentifier>
    </Filter>
    <Filter Include="TridiagSolver\kernel">
      <UniqueIdentifier>{fe944d5d-5a1a-4140-865a-34533f1d95b4}</UniqueIdentifier>
    </Filter>
    <Filter Include="ConstVol Model">
      <UniqueIdentifier>{62da8d29-8af6-4d1a-a688-a887f9ca8c3f}</UniqueIdentifier>
    </Filter>
    <Filter Include="ConstVol Model\kernel">
      <UniqueIdentifier>{755a1bc6-a13c-437b-b451-ebd9bb979a05}</UniqueIdentifier>
    </Filter>
    <Filter Include="BulletOption">
      <UniqueIdentifier>{f29faa9e-adea-429a-a3e3-2eb6fefd6e2d}</UniqueIdentifier>
    </Filter>
    <Filter Include="BulletOption\kernel">
      <UniqueIdentifier>{db17b3e8-cb54-48a4-81c6-0469976afbed}</UniqueIdentifier>
    </Filter>
  </ItemGroup>
  <ItemGroup>
    <ClCompile Include="TridiagSolver.cpp">
      <Filter>TridiagSolver</Filter>
    </ClCompile>
    <ClCompile Include="ConstVolPDESolver.cpp">
      <Filter>ConstVol Model</Filter>
    </ClCompile>
    <ClCompile Include="BulletOption.cpp">
      <Filter>BulletOption</Filter>
    </ClCompile>
    <ClCompile Include="main.cpp" />
  </ItemGroup>
</Project>